
Microsoft Visual Studio Solution File, Format Version 12.00
# Visual Studio Version 17
VisualStudioVersion = 17.0.31903.59
MinimumVisualStudioVersion = 10.0.40219.1
Project("{2150E333-8FDC-42A3-9474-1A3956D46DE8}") = "src", "src", "{61F03E8F-B146-4291-9944-EF62D4A79BA0}"
EndProject
Project("{FAE04EC0-301F-11D3-BF4B-00C04F79EFBC}") = "AeroCommerce.Shared", "src\AeroCommerce.Shared\AeroCommerce.Shared.csproj", "{B6FBC930-B1CE-4D8B-AA30-212FD9748031}"
EndProject
Project("{FAE04EC0-301F-11D3-BF4B-00C04F79EFBC}") = "AeroCommerce.UserService", "src\AeroCommerce.UserService\AeroCommerce.UserService.csproj", "{60740E63-CCBD-4D55-868E-E02B71BB02D6}"
EndProject
Project("{FAE04EC0-301F-11D3-BF4B-00C04F79EFBC}") = "AeroCommerce.PostService", "src\AeroCommerce.PostService\AeroCommerce.PostService.csproj", "{ADC8B904-4BD5-4667-9DDA-32E178084FB6}"
EndProject
Project("{FAE04EC0-301F-11D3-BF4B-00C04F79EFBC}") = "AeroCommerce.ApiGateway", "src\AeroCommerce.ApiGateway\AeroCommerce.ApiGateway.csproj", "{0F1B0A89-6D53-49B7-91B1-4C579EDDB1F6}"
EndProject
Project("{FAE04EC0-301F-11D3-BF4B-00C04F79EFBC}") = "AeroCommerce.ProductService", "src\AeroCommerce.ProductService\AeroCommerce.ProductService.csproj", "{1D633D80-8AFD-40FE-B338-0E0ACC46F6D2}"
EndProject
Global
	GlobalSection(SolutionConfigurationPlatforms) = preSolution
		Debug|Any CPU = Debug|Any CPU
		Release|Any CPU = Release|Any CPU
	EndGlobalSection
	GlobalSection(SolutionProperties) = preSolution
		HideSolutionNode = FALSE
	EndGlobalSection
	GlobalSection(ProjectConfigurationPlatforms) = postSolution
		{B6FBC930-B1CE-4D8B-AA30-212FD9748031}.Debug|Any CPU.ActiveCfg = Debug|Any CPU
		{B6FBC930-B1CE-4D8B-AA30-212FD9748031}.Debug|Any CPU.Build.0 = Debug|Any CPU
		{B6FBC930-B1CE-4D8B-AA30-212FD9748031}.Release|Any CPU.ActiveCfg = Release|Any CPU
		{B6FBC930-B1CE-4D8B-AA30-212FD9748031}.Release|Any CPU.Build.0 = Release|Any CPU
		{60740E63-CCBD-4D55-868E-E02B71BB02D6}.Debug|Any CPU.ActiveCfg = Debug|Any CPU
		{60740E63-CCBD-4D55-868E-E02B71BB02D6}.Debug|Any CPU.Build.0 = Debug|Any CPU
		{60740E63-CCBD-4D55-868E-E02B71BB02D6}.Release|Any CPU.ActiveCfg = Release|Any CPU
		{60740E63-CCBD-4D55-868E-E02B71BB02D6}.Release|Any CPU.Build.0 = Release|Any CPU
		{ADC8B904-4BD5-4667-9DDA-32E178084FB6}.Debug|Any CPU.ActiveCfg = Debug|Any CPU
		{ADC8B904-4BD5-4667-9DDA-32E178084FB6}.Debug|Any CPU.Build.0 = Debug|Any CPU
		{ADC8B904-4BD5-4667-9DDA-32E178084FB6}.Release|Any CPU.ActiveCfg = Release|Any CPU
		{ADC8B904-4BD5-4667-9DDA-32E178084FB6}.Release|Any CPU.Build.0 = Release|Any CPU
		{0F1B0A89-6D53-49B7-91B1-4C579EDDB1F6}.Debug|Any CPU.ActiveCfg = Debug|Any CPU
		{0F1B0A89-6D53-49B7-91B1-4C579EDDB1F6}.Debug|Any CPU.Build.0 = Debug|Any CPU
		{0F1B0A89-6D53-49B7-91B1-4C579EDDB1F6}.Release|Any CPU.ActiveCfg = Release|Any CPU
		{0F1B0A89-6D53-49B7-91B1-4C579EDDB1F6}.Release|Any CPU.Build.0 = Release|Any CPU
		{1D633D80-8AFD-40FE-B338-0E0ACC46F6D2}.Debug|Any CPU.ActiveCfg = Debug|Any CPU
		{1D633D80-8AFD-40FE-B338-0E0ACC46F6D2}.Debug|Any CPU.Build.0 = Debug|Any CPU
		{1D633D80-8AFD-40FE-B338-0E0ACC46F6D2}.Release|Any CPU.ActiveCfg = Release|Any CPU
		{1D633D80-8AFD-40FE-B338-0E0ACC46F6D2}.Release|Any CPU.Build.0 = Release|Any CPU
	EndGlobalSection
	GlobalSection(NestedProjects) = preSolution
		{B6FBC930-B1CE-4D8B-AA30-212FD9748031} = {61F03E8F-B146-4291-9944-EF62D4A79BA0}
		{60740E63-CCBD-4D55-868E-E02B71BB02D6} = {61F03E8F-B146-4291-9944-EF62D4A79BA0}
		{ADC8B904-4BD5-4667-9DDA-32E178084FB6} = {61F03E8F-B146-4291-9944-EF62D4A79BA0}
		{0F1B0A89-6D53-49B7-91B1-4C579EDDB1F6} = {61F03E8F-B146-4291-9944-EF62D4A79BA0}
		{1D633D80-8AFD-40FE-B338-0E0ACC46F6D2} = {61F03E8F-B146-4291-9944-EF62D4A79BA0}
	EndGlobalSection
EndGlobal
